
Microsoft Visual Studio Solution File, Format Version 12.00
# Visual Studio Version 17
VisualStudioVersion = 17.12.35514.174 d17.12
MinimumVisualStudioVersion = 10.0.40219.1
Project("{FAE04EC0-301F-11D3-BF4B-00C04F79EFBC}") = "TodoListFullStack.Server", "TodoListFullStack.Server\TodoListFullStack.Server.csproj", "{1821F8C9-3E00-4F47-A872-12ACF777FEED}"
EndProject
Project("{54A90642-561A-4BB1-A94E-469ADEE60C69}") = "todolistfullstack.client", "todolistfullstack.client\todolistfullstack.client.esproj", "{DBBBBA45-8290-4E44-B904-BD66F429A2C2}"
EndProject
Global
	GlobalSection(SolutionConfigurationPlatforms) = preSolution
		Debug|Any CPU = Debug|Any CPU
		Release|Any CPU = Release|Any CPU
	EndGlobalSection
	GlobalSection(ProjectConfigurationPlatforms) = postSolution
		{1821F8C9-3E00-4F47-A872-12ACF777FEED}.Debug|Any CPU.ActiveCfg = Debug|Any CPU
		{1821F8C9-3E00-4F47-A872-12ACF777FEED}.Debug|Any CPU.Build.0 = Debug|Any CPU
		{1821F8C9-3E00-4F47-A872-12ACF777FEED}.Release|Any CPU.ActiveCfg = Release|Any CPU
		{1821F8C9-3E00-4F47-A872-12ACF777FEED}.Release|Any CPU.Build.0 = Release|Any CPU
		{DBBBBA45-8290-4E44-B904-BD66F429A2C2}.Debug|Any CPU.ActiveCfg = Debug|Any CPU
		{DBBBBA45-8290-4E44-B904-BD66F429A2C2}.Debug|Any CPU.Build.0 = Debug|Any CPU
		{DBBBBA45-8290-4E44-B904-BD66F429A2C2}.Debug|Any CPU.Deploy.0 = Debug|Any CPU
		{DBBBBA45-8290-4E44-B904-BD66F429A2C2}.Release|Any CPU.ActiveCfg = Release|Any CPU
		{DBBBBA45-8290-4E44-B904-BD66F429A2C2}.Release|Any CPU.Build.0 = Release|Any CPU
		{DBBBBA45-8290-4E44-B904-BD66F429A2C2}.Release|Any CPU.Deploy.0 = Release|Any CPU
	EndGlobalSection
	GlobalSection(SolutionProperties) = preSolution
		HideSolutionNode = FALSE
	EndGlobalSection
EndGlobal
